// !$*UTF8*$!
{
	archiveVersion = 1;
	classes = {
	};
	objectVersion = 55;
	objects = {

/* Begin PBXBuildFile section */
		3526DC6C27553F230095143B /* ToDoAppApp.swift in Sources */ = {isa = PBXBuildFile; fileRef = 3526DC6B27553F230095143B /* ToDoAppApp.swift */; };
		3526DC6E27553F230095143B /* ContentView.swift in Sources */ = {isa = PBXBuildFile; fileRef = 3526DC6D27553F230095143B /* ContentView.swift */; };
		3526DC7027553F260095143B /* Assets.xcassets in Resources */ = {isa = PBXBuildFile; fileRef = 3526DC6F27553F260095143B /* Assets.xcassets */; };
		3526DC7327553F260095143B /* Preview Assets.xcassets in Resources */ = {isa = PBXBuildFile; fileRef = 3526DC7227553F260095143B /* Preview Assets.xcassets */; };
		3526DC7D27553F260095143B /* ToDoAppTests.swift in Sources */ = {isa = PBXBuildFile; fileRef = 3526DC7C27553F260095143B /* ToDoAppTests.swift */; };
		3526DC8727553F260095143B /* ToDoAppUITests.swift in Sources */ = {isa = PBXBuildFile; fileRef = 3526DC8627553F260095143B /* ToDoAppUITests.swift */; };
		3526DC8927553F260095143B /* ToDoAppUITestsLaunchTests.swift in Sources */ = {isa = PBXBuildFile; fileRef = 3526DC8827553F260095143B /* ToDoAppUITestsLaunchTests.swift */; };
		3526DC9627553F600095143B /* ToDoTaskView.swift in Sources */ = {isa = PBXBuildFile; fileRef = 3526DC9527553F600095143B /* ToDoTaskView.swift */; };
		3526DC9827553F950095143B /* ItemModel.swift in Sources */ = {isa = PBXBuildFile; fileRef = 3526DC9727553F950095143B /* ItemModel.swift */; };
		3526DC9A27553FD90095143B /* ListViewModel.swift in Sources */ = {isa = PBXBuildFile; fileRef = 3526DC9927553FD90095143B /* ListViewModel.swift */; };
		3526DC9C27553FE00095143B /* Images.swift in Sources */ = {isa = PBXBuildFile; fileRef = 3526DC9B27553FE00095143B /* Images.swift */; };
		3526DC9F2755401D0095143B /* rowList.swift in Sources */ = {isa = PBXBuildFile; fileRef = 3526DC9E2755401D0095143B /* rowList.swift */; };
		3526DCA3275540CF0095143B /* AddNewTask.swift in Sources */ = {isa = PBXBuildFile; fileRef = 3526DCA2275540CF0095143B /* AddNewTask.swift */; };
		3526DCA5275542EB0095143B /* EmptyView.swift in Sources */ = {isa = PBXBuildFile; fileRef = 3526DCA4275542EB0095143B /* EmptyView.swift */; };
		3526DCA9275543BE0095143B /* ProfileView.swift in Sources */ = {isa = PBXBuildFile; fileRef = 3526DCA8275543BE0095143B /* ProfileView.swift */; };
		3526DCAB275544470095143B /* ProfileTabView.swift in Sources */ = {isa = PBXBuildFile; fileRef = 3526DCAA275544470095143B /* ProfileTabView.swift */; };
		356326432756775C00A9BB8A /* LaunchScreen.storyboard in Resources */ = {isa = PBXBuildFile; fileRef = 356326422756775C00A9BB8A /* LaunchScreen.storyboard */; };
/* End PBXBuildFile section */

/* Begin PBXContainerItemProxy section */
		3526DC7927553F260095143B /* PBXContainerItemProxy */ = {
			isa = PBXContainerItemProxy;
			containerPortal = 3526DC6027553F230095143B /* Project object */;
			proxyType = 1;
			remoteGlobalIDString = 3526DC6727553F230095143B;
			remoteInfo = ToDoApp;
		};
		3526DC8327553F260095143B /* PBXContainerItemProxy */ = {
			isa = PBXContainerItemProxy;
			containerPortal = 3526DC6027553F230095143B /* Project object */;
			proxyType = 1;
			remoteGlobalIDString = 3526DC6727553F230095143B;
			remoteInfo = ToDoApp;
		};
/* End PBXContainerItemProxy section */

/* Begin PBXFileReference section */
		3526DC6827553F230095143B /* ToDo App.app */ = {isa = PBXFileReference; explicitFileType = wrapper.application; includeInIndex = 0; path = "ToDo App.app"; sourceTree = BUILT_PRODUCTS_DIR; };
		3526DC6B27553F230095143B /* ToDoAppApp.swift */ = {isa = PBXFileReference; lastKnownFileType = sourcecode.swift; path = ToDoAppApp.swift; sourceTree = "<group>"; };
		3526DC6D27553F230095143B /* ContentView.swift */ = {isa = PBXFileReference; lastKnownFileType = sourcecode.swift; path = ContentView.swift; sourceTree = "<group>"; };
		3526DC6F27553F260095143B /* Assets.xcassets */ = {isa = PBXFileReference; lastKnownFileType = folder.assetcatalog; path = Assets.xcassets; sourceTree = "<group>"; };
		3526DC7227553F260095143B /* Preview Assets.xcassets */ = {isa = PBXFileReference; lastKnownFileType = folder.assetcatalog; path = "Preview Assets.xcassets"; sourceTree = "<group>"; };
		3526DC7827553F260095143B /* ToDoAppTests.xctest */ = {isa = PBXFileReference; explicitFileType = wrapper.cfbundle; includeInIndex = 0; path = ToDoAppTests.xctest; sourceTree = BUILT_PRODUCTS_DIR; };
		3526DC7C27553F260095143B /* ToDoAppTests.swift */ = {isa = PBXFileReference; lastKnownFileType = sourcecode.swift; path = ToDoAppTests.swift; sourceTree = "<group>"; };
		3526DC8227553F260095143B /* ToDoAppUITests.xctest */ = {isa = PBXFileReference; explicitFileType = wrapper.cfbundle; includeInIndex = 0; path = ToDoAppUITests.xctest; sourceTree = BUILT_PRODUCTS_DIR; };
		3526DC8627553F260095143B /* ToDoAppUITests.swift */ = {isa = PBXFileReference; lastKnownFileType = sourcecode.swift; path = ToDoAppUITests.swift; sourceTree = "<group>"; };
		3526DC8827553F260095143B /* ToDoAppUITestsLaunchTests.swift */ = {isa = PBXFileReference; lastKnownFileType = sourcecode.swift; path = ToDoAppUITestsLaunchTests.swift; sourceTree = "<group>"; };
		3526DC9527553F600095143B /* ToDoTaskView.swift */ = {isa = PBXFileReference; lastKnownFileType = sourcecode.swift; path = ToDoTaskView.swift; sourceTree = "<group>"; };
		3526DC9727553F950095143B /* ItemModel.swift */ = {isa = PBXFileReference; lastKnownFileType = sourcecode.swift; path = ItemModel.swift; sourceTree = "<group>"; };
		3526DC9927553FD90095143B /* ListViewModel.swift */ = {isa = PBXFileReference; lastKnownFileType = sourcecode.swift; path = ListViewModel.swift; sourceTree = "<group>"; };
		3526DC9B27553FE00095143B /* Images.swift */ = {isa = PBXFileReference; lastKnownFileType = sourcecode.swift; path = Images.swift; sourceTree = "<group>"; };
		3526DC9E2755401D0095143B /* rowList.swift */ = {isa = PBXFileReference; lastKnownFileType = sourcecode.swift; path = rowList.swift; sourceTree = "<group>"; };
		3526DCA2275540CF0095143B /* AddNewTask.swift */ = {isa = PBXFileReference; lastKnownFileType = sourcecode.swift; path = AddNewTask.swift; sourceTree = "<group>"; };
		3526DCA4275542EB0095143B /* EmptyView.swift */ = {isa = PBXFileReference; lastKnownFileType = sourcecode.swift; path = EmptyView.swift; sourceTree = "<group>"; };
		3526DCA8275543BE0095143B /* ProfileView.swift */ = {isa = PBXFileReference; lastKnownFileType = sourcecode.swift; path = ProfileView.swift; sourceTree = "<group>"; };
		3526DCAA275544470095143B /* ProfileTabView.swift */ = {isa = PBXFileReference; lastKnownFileType = sourcecode.swift; path = ProfileTabView.swift; sourceTree = "<group>"; };
		356326422756775C00A9BB8A /* LaunchScreen.storyboard */ = {isa = PBXFileReference; lastKnownFileType = file.storyboard; path = LaunchScreen.storyboard; sourceTree = "<group>"; };
/* End PBXFileReference section */

/* Begin PBXFrameworksBuildPhase section */
		3526DC6527553F230095143B /* Frameworks */ = {
			isa = PBXFrameworksBuildPhase;
			buildActionMask = 2147483647;
			files = (
			);
			runOnlyForDeploymentPostprocessing = 0;
		};
		3526DC7527553F260095143B /* Frameworks */ = {
			isa = PBXFrameworksBuildPhase;
			buildActionMask = 2147483647;
			files = (
			);
			runOnlyForDeploymentPostprocessing = 0;
		};
		3526DC7F27553F260095143B /* Frameworks */ = {
			isa = PBXFrameworksBuildPhase;
			buildActionMask = 2147483647;
			files = (
			);
			runOnlyForDeploymentPostprocessing = 0;
		};
/* End PBXFrameworksBuildPhase section */

/* Begin PBXGroup section */
		3526DC5F27553F230095143B = {
			isa = PBXGroup;
			children = (
				3526DC6A27553F230095143B /* ToDoApp */,
				3526DC7B27553F260095143B /* ToDoAppTests */,
				3526DC8527553F260095143B /* ToDoAppUITests */,
				3526DC6927553F230095143B /* Products */,
			);
			sourceTree = "<group>";
		};
		3526DC6927553F230095143B /* Products */ = {
			isa = PBXGroup;
			children = (
				3526DC6827553F230095143B /* ToDo App.app */,
				3526DC7827553F260095143B /* ToDoAppTests.xctest */,
				3526DC8227553F260095143B /* ToDoAppUITests.xctest */,
			);
			name = Products;
			sourceTree = "<group>";
		};
		3526DC6A27553F230095143B /* ToDoApp */ = {
			isa = PBXGroup;
			children = (
				3573A6A02762392500394D3D /* Views */,
				356326422756775C00A9BB8A /* LaunchScreen.storyboard */,
				3526DC6B27553F230095143B /* ToDoAppApp.swift */,
				3526DCA2275540CF0095143B /* AddNewTask.swift */,
				3526DC9927553FD90095143B /* ListViewModel.swift */,
				3526DC9727553F950095143B /* ItemModel.swift */,
				3526DC9B27553FE00095143B /* Images.swift */,
				3526DC6F27553F260095143B /* Assets.xcassets */,
				3526DC7127553F260095143B /* Preview Content */,
			);
			path = ToDoApp;
			sourceTree = "<group>";
		};
		3526DC7127553F260095143B /* Preview Content */ = {
			isa = PBXGroup;
			children = (
				3526DC7227553F260095143B /* Preview Assets.xcassets */,
			);
			path = "Preview Content";
			sourceTree = "<group>";
		};
		3526DC7B27553F260095143B /* ToDoAppTests */ = {
			isa = PBXGroup;
			children = (
				3526DC7C27553F260095143B /* ToDoAppTests.swift */,
			);
			path = ToDoAppTests;
			sourceTree = "<group>";
		};
		3526DC8527553F260095143B /* ToDoAppUITests */ = {
			isa = PBXGroup;
			children = (
				3526DC8627553F260095143B /* ToDoAppUITests.swift */,
				3526DC8827553F260095143B /* ToDoAppUITestsLaunchTests.swift */,
			);
			path = ToDoAppUITests;
			sourceTree = "<group>";
		};
		3573A6A02762392500394D3D /* Views */ = {
			isa = PBXGroup;
			children = (
				3526DC9527553F600095143B /* ToDoTaskView.swift */,
				3526DC6D27553F230095143B /* ContentView.swift */,
				3526DCA4275542EB0095143B /* EmptyView.swift */,
				3526DC9E2755401D0095143B /* rowList.swift */,
				3526DCAA275544470095143B /* ProfileTabView.swift */,
				3526DCA8275543BE0095143B /* ProfileView.swift */,
			);
			path = Views;
			sourceTree = "<group>";
		};
/* End PBXGroup section */

/* Begin PBXNativeTarget section */
		3526DC6727553F230095143B /* ToDoApp */ = {
			isa = PBXNativeTarget;
			buildConfigurationList = 3526DC8C27553F260095143B /* Build configuration list for PBXNativeTarget "ToDoApp" */;
			buildPhases = (
				3526DC6427553F230095143B /* Sources */,
				3526DC6527553F230095143B /* Frameworks */,
				3526DC6627553F230095143B /* Resources */,
			);
			buildRules = (
			);
			dependencies = (
			);
			name = ToDoApp;
			productName = ToDoApp;
			productReference = 3526DC6827553F230095143B /* ToDo App.app */;
			productType = "com.apple.product-type.application";
		};
		3526DC7727553F260095143B /* ToDoAppTests */ = {
			isa = PBXNativeTarget;
			buildConfigurationList = 3526DC8F27553F260095143B /* Build configuration list for PBXNativeTarget "ToDoAppTests" */;
			buildPhases = (
				3526DC7427553F260095143B /* Sources */,
				3526DC7527553F260095143B /* Frameworks */,
				3526DC7627553F260095143B /* Resources */,
			);
			buildRules = (
			);
			dependencies = (
				3526DC7A27553F260095143B /* PBXTargetDependency */,
			);
			name = ToDoAppTests;
			productName = ToDoAppTests;
			productReference = 3526DC7827553F260095143B /* ToDoAppTests.xctest */;
			productType = "com.apple.product-type.bundle.unit-test";
		};
		3526DC8127553F260095143B /* ToDoAppUITests */ = {
			isa = PBXNativeTarget;
			buildConfigurationList = 3526DC9227553F260095143B /* Build configuration list for PBXNativeTarget "ToDoAppUITests" */;
			buildPhases = (
				3526DC7E27553F260095143B /* Sources */,
				3526DC7F27553F260095143B /* Frameworks */,
				3526DC8027553F260095143B /* Resources */,
			);
			buildRules = (
			);
			dependencies = (
				3526DC8427553F260095143B /* PBXTargetDependency */,
			);
			name = ToDoAppUITests;
			productName = ToDoAppUITests;
			productReference = 3526DC8227553F260095143B /* ToDoAppUITests.xctest */;
			productType = "com.apple.product-type.bundle.ui-testing";
		};
/* End PBXNativeTarget section */

/* Begin PBXProject section */
		3526DC6027553F230095143B /* Project object */ = {
			isa = PBXProject;
			attributes = {
				BuildIndependentTargetsInParallel = 1;
				LastSwiftUpdateCheck = 1310;
				LastUpgradeCheck = 1310;
				TargetAttributes = {
					3526DC6727553F230095143B = {
						CreatedOnToolsVersion = 13.1;
					};
					3526DC7727553F260095143B = {
						CreatedOnToolsVersion = 13.1;
						TestTargetID = 3526DC6727553F230095143B;
					};
					3526DC8127553F260095143B = {
						CreatedOnToolsVersion = 13.1;
						TestTargetID = 3526DC6727553F230095143B;
					};
				};
			};
			buildConfigurationList = 3526DC6327553F230095143B /* Build configuration list for PBXProject "ToDoApp" */;
			compatibilityVersion = "Xcode 13.0";
			developmentRegion = en;
			hasScannedForEncodings = 0;
			knownRegions = (
				en,
				Base,
			);
			mainGroup = 3526DC5F27553F230095143B;
			productRefGroup = 3526DC6927553F230095143B /* Products */;
			projectDirPath = "";
			projectRoot = "";
			targets = (
				3526DC6727553F230095143B /* ToDoApp */,
				3526DC7727553F260095143B /* ToDoAppTests */,
				3526DC8127553F260095143B /* ToDoAppUITests */,
			);
		};
/* End PBXProject section */

/* Begin PBXResourcesBuildPhase section */
		3526DC6627553F230095143B /* Resources */ = {
			isa = PBXResourcesBuildPhase;
			buildActionMask = 2147483647;
			files = (
				356326432756775C00A9BB8A /* LaunchScreen.storyboard in Resources */,
				3526DC7327553F260095143B /* Preview Assets.xcassets in Resources */,
				3526DC7027553F260095143B /* Assets.xcassets in Resources */,
			);
			runOnlyForDeploymentPostprocessing = 0;
		};
		3526DC7627553F260095143B /* Resources */ = {
			isa = PBXResourcesBuildPhase;
			buildActionMask = 2147483647;
			files = (
			);
			runOnlyForDeploymentPostprocessing = 0;
		};
		3526DC8027553F260095143B /* Resources */ = {
			isa = PBXResourcesBuildPhase;
			buildActionMask = 2147483647;
			files = (
			);
			runOnlyForDeploymentPostprocessing = 0;
		};
/* End PBXResourcesBuildPhase section */

/* Begin PBXSourcesBuildPhase section */
		3526DC6427553F230095143B /* Sources */ = {
			isa = PBXSourcesBuildPhase;
			buildActionMask = 2147483647;
			files = (
				3526DC9F2755401D0095143B /* rowList.swift in Sources */,
				3526DC9A27553FD90095143B /* ListViewModel.swift in Sources */,
				3526DC9C27553FE00095143B /* Images.swift in Sources */,
				3526DC6E27553F230095143B /* ContentView.swift in Sources */,
				3526DC6C27553F230095143B /* ToDoAppApp.swift in Sources */,
				3526DCA3275540CF0095143B /* AddNewTask.swift in Sources */,
				3526DCA5275542EB0095143B /* EmptyView.swift in Sources */,
				3526DC9827553F950095143B /* ItemModel.swift in Sources */,
				3526DCA9275543BE0095143B /* ProfileView.swift in Sources */,
				3526DCAB275544470095143B /* ProfileTabView.swift in Sources */,
				3526DC9627553F600095143B /* ToDoTaskView.swift in Sources */,
			);
			runOnlyForDeploymentPostprocessing = 0;
		};
		3526DC7427553F260095143B /* Sources */ = {
			isa = PBXSourcesBuildPhase;
			buildActionMask = 2147483647;
			files = (
				3526DC7D27553F260095143B /* ToDoAppTests.swift in Sources */,
			);
			runOnlyForDeploymentPostprocessing = 0;
		};
		3526DC7E27553F260095143B /* Sources */ = {
			isa = PBXSourcesBuildPhase;
			buildActionMask = 2147483647;
			files = (
				3526DC8927553F260095143B /* ToDoAppUITestsLaunchTests.swift in Sources */,
				3526DC8727553F260095143B /* ToDoAppUITests.swift in Sources */,
			);
			runOnlyForDeploymentPostprocessing = 0;
		};
/* End PBXSourcesBuildPhase section */

/* Begin PBXTargetDependency section */
		3526DC7A27553F260095143B /* PBXTargetDependency */ = {
			isa = PBXTargetDependency;
			target = 3526DC6727553F230095143B /* ToDoApp */;
			targetProxy = 3526DC7927553F260095143B /* PBXContainerItemProxy */;
		};
		3526DC8427553F260095143B /* PBXTargetDependency */ = {
			isa = PBXTargetDependency;
			target = 3526DC6727553F230095143B /* ToDoApp */;
			targetProxy = 3526DC8327553F260095143B /* PBXContainerItemProxy */;
		};
/* End PBXTargetDependency section */

/* Begin XCBuildConfiguration section */
		3526DC8A27553F260095143B /* Debug */ = {
			isa = XCBuildConfiguration;
			buildSettings = {
				ALWAYS_SEARCH_USER_PATHS = NO;
				CLANG_ANALYZER_NONNULL = YES;
				CLANG_ANALYZER_NUMBER_OBJECT_CONVERSION = YES_AGGRESSIVE;
				CLANG_CXX_LANGUAGE_STANDARD = "gnu++17";
				CLANG_CXX_LIBRARY = "libc++";
				CLANG_ENABLE_MODULES = YES;
				CLANG_ENABLE_OBJC_ARC = YES;
				CLANG_ENABLE_OBJC_WEAK = YES;
				CLANG_WARN_BLOCK_CAPTURE_AUTORELEASING = YES;
				CLANG_WARN_BOOL_CONVERSION = YES;
				CLANG_WARN_COMMA = YES;
				CLANG_WARN_CONSTANT_CONVERSION = YES;
				CLANG_WARN_DEPRECATED_OBJC_IMPLEMENTATIONS = YES;
				CLANG_WARN_DIRECT_OBJC_ISA_USAGE = YES_ERROR;
				CLANG_WARN_DOCUMENTATION_COMMENTS = YES;
				CLANG_WARN_EMPTY_BODY = YES;
				CLANG_WARN_ENUM_CONVERSION = YES;
				CLANG_WARN_INFINITE_RECURSION = YES;
				CLANG_WARN_INT_CONVERSION = YES;
				CLANG_WARN_NON_LITERAL_NULL_CONVERSION = YES;
				CLANG_WARN_OBJC_IMPLICIT_RETAIN_SELF = YES;
				CLANG_WARN_OBJC_LITERAL_CONVERSION = YES;
				CLANG_WARN_OBJC_ROOT_CLASS = YES_ERROR;
				CLANG_WARN_QUOTED_INCLUDE_IN_FRAMEWORK_HEADER = YES;
				CLANG_WARN_RANGE_LOOP_ANALYSIS = YES;
				CLANG_WARN_STRICT_PROTOTYPES = YES;
				CLANG_WARN_SUSPICIOUS_MOVE = YES;
				CLANG_WARN_UNGUARDED_AVAILABILITY = YES_AGGRESSIVE;
				CLANG_WARN_UNREACHABLE_CODE = YES;
				CLANG_WARN__DUPLICATE_METHOD_MATCH = YES;
				COPY_PHASE_STRIP = NO;
				DEBUG_INFORMATION_FORMAT = dwarf;
				ENABLE_STRICT_OBJC_MSGSEND = YES;
				ENABLE_TESTABILITY = YES;
				GCC_C_LANGUAGE_STANDARD = gnu11;
				GCC_DYNAMIC_NO_PIC = NO;
				GCC_NO_COMMON_BLOCKS = YES;
				GCC_OPTIMIZATION_LEVEL = 0;
				GCC_PREPROCESSOR_DEFINITIONS = (
					"DEBUG=1",
					"$(inherited)",
				);
				GCC_WARN_64_TO_32_BIT_CONVERSION = YES;
				GCC_WARN_ABOUT_RETURN_TYPE = YES_ERROR;
				GCC_WARN_UNDECLARED_SELECTOR = YES;
				GCC_WARN_UNINITIALIZED_AUTOS = YES_AGGRESSIVE;
				GCC_WARN_UNUSED_FUNCTION = YES;
				GCC_WARN_UNUSED_VARIABLE = YES;
				IPHONEOS_DEPLOYMENT_TARGET = 15.0;
				MTL_ENABLE_DEBUG_INFO = INCLUDE_SOURCE;
				MTL_FAST_MATH = YES;
				ONLY_ACTIVE_ARCH = YES;
				SDKROOT = iphoneos;
				SWIFT_ACTIVE_COMPILATION_CONDITIONS = DEBUG;
				SWIFT_OPTIMIZATION_LEVEL = "-Onone";
			};
			name = Debug;
		};
		3526DC8B27553F260095143B /* Release */ = {
			isa = XCBuildConfiguration;
			buildSettings = {
				ALWAYS_SEARCH_USER_PATHS = NO;
				CLANG_ANALYZER_NONNULL = YES;
				CLANG_ANALYZER_NUMBER_OBJECT_CONVERSION = YES_AGGRESSIVE;
				CLANG_CXX_LANGUAGE_STANDARD = "gnu++17";
				CLANG_CXX_LIBRARY = "libc++";
				CLANG_ENABLE_MODULES = YES;
				CLANG_ENABLE_OBJC_ARC = YES;
				CLANG_ENABLE_OBJC_WEAK = YES;
				CLANG_WARN_BLOCK_CAPTURE_AUTORELEASING = YES;
				CLANG_WARN_BOOL_CONVERSION = YES;
				CLANG_WARN_COMMA = YES;
				CLANG_WARN_CONSTANT_CONVERSION = YES;
				CLANG_WARN_DEPRECATED_OBJC_IMPLEMENTATIONS = YES;
				CLANG_WARN_DIRECT_OBJC_ISA_USAGE = YES_ERROR;
				CLANG_WARN_DOCUMENTATION_COMMENTS = YES;
				CLANG_WARN_EMPTY_BODY = YES;
				CLANG_WARN_ENUM_CONVERSION = YES;
				CLANG_WARN_INFINITE_RECURSION = YES;
				CLANG_WARN_INT_CONVERSION = YES;
				CLANG_WARN_NON_LITERAL_NULL_CONVERSION = YES;
				CLANG_WARN_OBJC_IMPLICIT_RETAIN_SELF = YES;
				CLANG_WARN_OBJC_LITERAL_CONVERSION = YES;
				CLANG_WARN_OBJC_ROOT_CLASS = YES_ERROR;
				CLANG_WARN_QUOTED_INCLUDE_IN_FRAMEWORK_HEADER = YES;
				CLANG_WARN_RANGE_LOOP_ANALYSIS = YES;
				CLANG_WARN_STRICT_PROTOTYPES = YES;
				CLANG_WARN_SUSPICIOUS_MOVE = YES;
				CLANG_WARN_UNGUARDED_AVAILABILITY = YES_AGGRESSIVE;
				CLANG_WARN_UNREACHABLE_CODE = YES;
				CLANG_WARN__DUPLICATE_METHOD_MATCH = YES;
				COPY_PHASE_STRIP = NO;
				DEBUG_INFORMATION_FORMAT = "dwarf-with-dsym";
				ENABLE_NS_ASSERTIONS = NO;
				ENABLE_STRICT_OBJC_MSGSEND = YES;
				GCC_C_LANGUAGE_STANDARD = gnu11;
				GCC_NO_COMMON_BLOCKS = YES;
				GCC_WARN_64_TO_32_BIT_CONVERSION = YES;
				GCC_WARN_ABOUT_RETURN_TYPE = YES_ERROR;
				GCC_WARN_UNDECLARED_SELECTOR = YES;
				GCC_WARN_UNINITIALIZED_AUTOS = YES_AGGRESSIVE;
				GCC_WARN_UNUSED_FUNCTION = YES;
				GCC_WARN_UNUSED_VARIABLE = YES;
				IPHONEOS_DEPLOYMENT_TARGET = 15.0;
				MTL_ENABLE_DEBUG_INFO = NO;
				MTL_FAST_MATH = YES;
				SDKROOT = iphoneos;
				SWIFT_COMPILATION_MODE = wholemodule;
				SWIFT_OPTIMIZATION_LEVEL = "-O";
				VALIDATE_PRODUCT = YES;
			};
			name = Release;
		};
		3526DC8D27553F260095143B /* Debug */ = {
			isa = XCBuildConfiguration;
			buildSettings = {
				ASSETCATALOG_COMPILER_APPICON_NAME = AppIcon;
				ASSETCATALOG_COMPILER_GLOBAL_ACCENT_COLOR_NAME = AccentColor;
				ASSETCATALOG_COMPILER_INCLUDE_ALL_APPICON_ASSETS = NO;
				CODE_SIGN_IDENTITY = "iPhone Developer";
				CODE_SIGN_STYLE = Manual;
				CURRENT_PROJECT_VERSION = 1;
				DEVELOPMENT_ASSET_PATHS = "\"ToDoApp/Preview Content\"";
				DEVELOPMENT_TEAM = XE7NL975AC;
				ENABLE_PREVIEWS = YES;
				GENERATE_INFOPLIST_FILE = YES;
				INFOPLIST_KEY_UIApplicationSceneManifest_Generation = YES;
				INFOPLIST_KEY_UIApplicationSupportsIndirectInputEvents = YES;
				INFOPLIST_KEY_UILaunchScreen_Generation = YES;
				INFOPLIST_KEY_UILaunchStoryboardName = LaunchScreen;
				INFOPLIST_KEY_UISupportedInterfaceOrientations = UIInterfaceOrientationPortrait;
				INFOPLIST_KEY_UISupportedInterfaceOrientations_iPad = "UIInterfaceOrientationPortrait UIInterfaceOrientationPortraitUpsideDown UIInterfaceOrientationLandscapeLeft UIInterfaceOrientationLandscapeRight";
				INFOPLIST_KEY_UISupportedInterfaceOrientations_iPhone = "UIInterfaceOrientationPortrait UIInterfaceOrientationLandscapeLeft UIInterfaceOrientationLandscapeRight";
				LD_RUNPATH_SEARCH_PATHS = (
					"$(inherited)",
					"@executable_path/Frameworks",
				);
				MARKETING_VERSION = 1.0.0;
				PRODUCT_BUNDLE_IDENTIFIER = eko.vb.todoapp;
				PRODUCT_NAME = "ToDo App";
				PROVISIONING_PROFILE_SPECIFIER = TODO_APP_DEV_03.12.21;
				SWIFT_EMIT_LOC_STRINGS = YES;
				SWIFT_VERSION = 5.0;
				TARGETED_DEVICE_FAMILY = "1,2";
			};
			name = Debug;
		};
		3526DC8E27553F260095143B /* Release */ = {
			isa = XCBuildConfiguration;
			buildSettings = {
				ASSETCATALOG_COMPILER_APPICON_NAME = AppIcon;
				ASSETCATALOG_COMPILER_GLOBAL_ACCENT_COLOR_NAME = AccentColor;
				ASSETCATALOG_COMPILER_INCLUDE_ALL_APPICON_ASSETS = NO;
				CODE_SIGN_IDENTITY = "iPhone Distribution: Veli Bacik (XE7NL975AC)";
				CODE_SIGN_STYLE = Manual;
				CURRENT_PROJECT_VERSION = 1;
				DEVELOPMENT_ASSET_PATHS = "\"ToDoApp/Preview Content\"";
				DEVELOPMENT_TEAM = XE7NL975AC;
				ENABLE_PREVIEWS = YES;
				GENERATE_INFOPLIST_FILE = YES;
				INFOPLIST_KEY_UIApplicationSceneManifest_Generation = YES;
				INFOPLIST_KEY_UIApplicationSupportsIndirectInputEvents = YES;
				INFOPLIST_KEY_UILaunchScreen_Generation = YES;
				INFOPLIST_KEY_UILaunchStoryboardName = LaunchScreen;
				INFOPLIST_KEY_UISupportedInterfaceOrientations = UIInterfaceOrientationPortrait;
				INFOPLIST_KEY_UISupportedInterfaceOrientations_iPad = "UIInterfaceOrientationPortrait UIInterfaceOrientationPortraitUpsideDown UIInterfaceOrientationLandscapeLeft UIInterfaceOrientationLandscapeRight";
				INFOPLIST_KEY_UISupportedInterfaceOrientations_iPhone = "UIInterfaceOrientationPortrait UIInterfaceOrientationLandscapeLeft UIInterfaceOrientationLandscapeRight";
				LD_RUNPATH_SEARCH_PATHS = (
					"$(inherited)",
					"@executable_path/Frameworks",
				);
				MARKETING_VERSION = 1.0.0;
				PRODUCT_BUNDLE_IDENTIFIER = eko.vb.todoapp;
				PRODUCT_NAME = "ToDo App";
				PROVISIONING_PROFILE_SPECIFIER = TODO_APP_DIST_03.12.21;
				SWIFT_EMIT_LOC_STRINGS = YES;
				SWIFT_VERSION = 5.0;
				TARGETED_DEVICE_FAMILY = "1,2";
			};
			name = Release;
		};
		3526DC9027553F260095143B /* Debug */ = {
			isa = XCBuildConfiguration;
			buildSettings = {
				ALWAYS_EMBED_SWIFT_STANDARD_LIBRARIES = YES;
				BUNDLE_LOADER = "$(TEST_HOST)";
				CODE_SIGN_STYLE = Automatic;
				CURRENT_PROJECT_VERSION = 1;
				GENERATE_INFOPLIST_FILE = YES;
				IPHONEOS_DEPLOYMENT_TARGET = 15.0;
				LD_RUNPATH_SEARCH_PATHS = (
					"$(inherited)",
					"@executable_path/Frameworks",
					"@loader_path/Frameworks",
				);
				MARKETING_VERSION = 1.0;
				PRODUCT_BUNDLE_IDENTIFIER = vb.hardwareandro.ToDoAppTests;
				PRODUCT_NAME = "$(TARGET_NAME)";
				SWIFT_EMIT_LOC_STRINGS = NO;
				SWIFT_VERSION = 5.0;
				TARGETED_DEVICE_FAMILY = "1,2";
			};
			name = Debug;
		};
		3526DC9127553F260095143B /* Release */ = {
			isa = XCBuildConfiguration;
			buildSettings = {
				ALWAYS_EMBED_SWIFT_STANDARD_LIBRARIES = YES;
				BUNDLE_LOADER = "$(TEST_HOST)";
				CODE_SIGN_STYLE = Automatic;
				CURRENT_PROJECT_VERSION = 1;
				GENERATE_INFOPLIST_FILE = YES;
				IPHONEOS_DEPLOYMENT_TARGET = 15.0;
				LD_RUNPATH_SEARCH_PATHS = (
					"$(inherited)",
					"@executable_path/Frameworks",
					"@loader_path/Frameworks",
				);
				MARKETING_VERSION = 1.0;
				PRODUCT_BUNDLE_IDENTIFIER = vb.hardwareandro.ToDoAppTests;
				PRODUCT_NAME = "$(TARGET_NAME)";
				SWIFT_EMIT_LOC_STRINGS = NO;
				SWIFT_VERSION = 5.0;
				TARGETED_DEVICE_FAMILY = "1,2";
			};
			name = Release;
		};
		3526DC9327553F260095143B /* Debug */ = {
			isa = XCBuildConfiguration;
			buildSettings = {
				ALWAYS_EMBED_SWIFT_STANDARD_LIBRARIES = YES;
				CODE_SIGN_STYLE = Automatic;
				CURRENT_PROJECT_VERSION = 1;
				GENERATE_INFOPLIST_FILE = YES;
				LD_RUNPATH_SEARCH_PATHS = (
					"$(inherited)",
					"@executable_path/Frameworks",
					"@loader_path/Frameworks",
				);
				MARKETING_VERSION = 1.0;
				PRODUCT_BUNDLE_IDENTIFIER = vb.hardwareandro.ToDoAppUITests;
				PRODUCT_NAME = "$(TARGET_NAME)";
				SWIFT_EMIT_LOC_STRINGS = NO;
				SWIFT_VERSION = 5.0;
				TARGETED_DEVICE_FAMILY = "1,2";
				TEST_TARGET_NAME = ToDoApp;
			};
			name = Debug;
		};
		3526DC9427553F260095143B /* Release */ = {
			isa = XCBuildConfiguration;
			buildSettings = {
				ALWAYS_EMBED_SWIFT_STANDARD_LIBRARIES = YES;
				CODE_SIGN_STYLE = Automatic;
				CURRENT_PROJECT_VERSION = 1;
				GENERATE_INFOPLIST_FILE = YES;
				LD_RUNPATH_SEARCH_PATHS = (
					"$(inherited)",
					"@executable_path/Frameworks",
					"@loader_path/Frameworks",
				);
				MARKETING_VERSION = 1.0;
				PRODUCT_BUNDLE_IDENTIFIER = vb.hardwareandro.ToDoAppUITests;
				PRODUCT_NAME = "$(TARGET_NAME)";
				SWIFT_EMIT_LOC_STRINGS = NO;
				SWIFT_VERSION = 5.0;
				TARGETED_DEVICE_FAMILY = "1,2";
				TEST_TARGET_NAME = ToDoApp;
			};
			name = Release;
		};
/* End XCBuildConfiguration section */

/* Begin XCConfigurationList section */
		3526DC6327553F230095143B /* Build configuration list for PBXProject "ToDoApp" */ = {
			isa = XCConfigurationList;
			buildConfigurations = (
				3526DC8A27553F260095143B /* Debug */,
				3526DC8B27553F260095143B /* Release */,
			);
			defaultConfigurationIsVisible = 0;
			defaultConfigurationName = Release;
		};
		3526DC8C27553F260095143B /* Build configuration list for PBXNativeTarget "ToDoApp" */ = {
			isa = XCConfigurationList;
			buildConfigurations = (
				3526DC8D27553F260095143B /* Debug */,
				3526DC8E27553F260095143B /* Release */,
			);
			defaultConfigurationIsVisible = 0;
			defaultConfigurationName = Release;
		};
		3526DC8F27553F260095143B /* Build configuration list for PBXNativeTarget "ToDoAppTests" */ = {
			isa = XCConfigurationList;
			buildConfigurations = (
				3526DC9027553F260095143B /* Debug */,
				3526DC9127553F260095143B /* Release */,
			);
			defaultConfigurationIsVisible = 0;
			defaultConfigurationName = Release;
		};
		3526DC9227553F260095143B /* Build configuration list for PBXNativeTarget "ToDoAppUITests" */ = {
			isa = XCConfigurationList;
			buildConfigurations = (
				3526DC9327553F260095143B /* Debug */,
				3526DC9427553F260095143B /* Release */,
			);
			defaultConfigurationIsVisible = 0;
			defaultConfigurationName = Release;
		};
/* End XCConfigurationList section */
	};
	rootObject = 3526DC6027553F230095143B /* Project object */;
}
